
Microsoft Visual Studio Solution File, Format Version 12.00
# Visual Studio 15
VisualStudioVersion = 15.0.26430.6
MinimumVisualStudioVersion = 10.0.40219.1
Project("{FAE04EC0-301F-11D3-BF4B-00C04F79EFBC}") = "ChatBase", "ChatBase\ChatBase.csproj", "{A27BCB9E-7EAD-428B-A29F-EEA2C13AD34D}"
EndProject
Project("{FAE04EC0-301F-11D3-BF4B-00C04F79EFBC}") = "MainClientWindow", "MainClientWindow\MainClientWindow.csproj", "{A47DC4A9-949E-40AD-A361-DB2A9F6CBBE5}"
EndProject
Project("{FAE04EC0-301F-11D3-BF4B-00C04F79EFBC}") = "NewServer", "NewServer\NewServer.csproj", "{20C34E38-59D4-409B-AA2D-D62156C79BDB}"
EndProject
Global
	GlobalSection(SolutionConfigurationPlatforms) = preSolution
		Debug|Any CPU = Debug|Any CPU
		Release|Any CPU = Release|Any CPU
	EndGlobalSection
	GlobalSection(ProjectConfigurationPlatforms) = postSolution
		{A27BCB9E-7EAD-428B-A29F-EEA2C13AD34D}.Debug|Any CPU.ActiveCfg = Debug|Any CPU
		{A27BCB9E-7EAD-428B-A29F-EEA2C13AD34D}.Debug|Any CPU.Build.0 = Debug|Any CPU
		{A27BCB9E-7EAD-428B-A29F-EEA2C13AD34D}.Release|Any CPU.ActiveCfg = Release|Any CPU
		{A27BCB9E-7EAD-428B-A29F-EEA2C13AD34D}.Release|Any CPU.Build.0 = Release|Any CPU
		{A47DC4A9-949E-40AD-A361-DB2A9F6CBBE5}.Debug|Any CPU.ActiveCfg = Debug|Any CPU
		{A47DC4A9-949E-40AD-A361-DB2A9F6CBBE5}.Debug|Any CPU.Build.0 = Debug|Any CPU
		{A47DC4A9-949E-40AD-A361-DB2A9F6CBBE5}.Release|Any CPU.ActiveCfg = Release|Any CPU
		{A47DC4A9-949E-40AD-A361-DB2A9F6CBBE5}.Release|Any CPU.Build.0 = Release|Any CPU
		{20C34E38-59D4-409B-AA2D-D62156C79BDB}.Debug|Any CPU.ActiveCfg = Debug|Any CPU
		{20C34E38-59D4-409B-AA2D-D62156C79BDB}.Debug|Any CPU.Build.0 = Debug|Any CPU
		{20C34E38-59D4-409B-AA2D-D62156C79BDB}.Release|Any CPU.ActiveCfg = Release|Any CPU
		{20C34E38-59D4-409B-AA2D-D62156C79BDB}.Release|Any CPU.Build.0 = Release|Any CPU
	EndGlobalSection
	GlobalSection(SolutionProperties) = preSolution
		HideSolutionNode = FALSE
	EndGlobalSection
EndGlobal
